{
  "name": "try-lighterhtml",
  "version": "0.0.1",
  "lockfileVersion": 1,
  "requires": true,
  "dependencies": {
    "@ungap/create-content": {
      "version": "0.1.4",
      "resolved": "https://registry.npmjs.org/@ungap/create-content/-/create-content-0.1.4.tgz",
      "integrity": "sha512-YM6YQkF5wUxJlw5yDzEAzJfPK/kXR/GxIARx4NNJCInfx/nirHmy3ujPjfi7CaXjcVCwyfpv3vKQm6h762lbRA=="
    },
    "@ungap/essential-map": {
      "version": "0.2.0",
      "resolved": "https://registry.npmjs.org/@ungap/essential-map/-/essential-map-0.2.0.tgz",
      "integrity": "sha512-PM7rUPhH2IAeDZXGjMi1KwNVW/4b/wxfzlPkZSXacHA5A98n+PdCou+HD2EaeXlO8pY5Tp81Ysg+J2xB7J/mjw=="
    },
    "@ungap/import-node": {
      "version": "0.1.0",
      "resolved": "https://registry.npmjs.org/@ungap/import-node/-/import-node-0.1.0.tgz",
      "integrity": "sha512-FymNeJTWYNrZcnj7HFJwdaAZWrD1bUv8Na60RGIA142qtaRcOZs0KHGh+QSy7u7GNpW6wGnw9EdCQx4IYPE8cg=="
    },
    "@ungap/template-literal": {
      "version": "0.4.1",
      "resolved": "https://registry.npmjs.org/@ungap/template-literal/-/template-literal-0.4.1.tgz",
      "integrity": "sha512-+hoSovATXOiz+KaKP8qHSl1/4Pgvne1/1CjD17GeQv8AAIMU2JFTPidqYFowrpAFPvuzuSn3fUVQygePVNp/WQ==",
      "requires": {
        "@ungap/weakmap": "^0.1.4"
      }
    },
    "@ungap/template-tag-arguments": {
      "version": "0.3.1",
      "resolved": "https://registry.npmjs.org/@ungap/template-tag-arguments/-/template-tag-arguments-0.3.1.tgz",
      "integrity": "sha512-UGZGVfvEu1VenIPXQl/0IF/uTBoryMf0WZXWAgMC/HQECiUm0Cmy3DYB1sS3ybQf9XuXrYTUIECD3xTzQ0A9og==",
      "requires": {
        "@ungap/template-literal": "^0.4.1"
      }
    },
    "@ungap/trim": {
      "version": "0.1.1",
      "resolved": "https://registry.npmjs.org/@ungap/trim/-/trim-0.1.1.tgz",
      "integrity": "sha512-f2jiPMFD8qmoNV5kxZ6RwSwmnloxtGUcG3W5Fbe9rC3vwXlPxWT0g5J0mN3+rM9C/u1p24gIVTSxNBPOtyu7Sw=="
    },
    "@ungap/weakmap": {
      "version": "0.1.4",
      "resolved": "https://registry.npmjs.org/@ungap/weakmap/-/weakmap-0.1.4.tgz",
      "integrity": "sha512-TO4TTwlQXdjHKoWgKxsMqApnOV8JruaNilqOg0I04MTYb5+fj9taIVijS4ILwWg0ytQY5DwTKzPWj+0G+7bsXw=="
    },
    "domconstants": {
      "version": "0.1.1",
      "resolved": "https://registry.npmjs.org/domconstants/-/domconstants-0.1.1.tgz",
      "integrity": "sha512-Pk4K6tLOzSh0cZDuh7TQivZtYLC6Z8dNissoDyy2tQoVNg8ewScxG3AVJO76kLcTta/u7bgEO6xbIR97MiInfA=="
    },
    "domdiff": {
      "version": "2.1.1",
      "resolved": "https://registry.npmjs.org/domdiff/-/domdiff-2.1.1.tgz",
      "integrity": "sha512-LJBvV951bDH4FlvgN0Fj7Jlxge4xXWXH19raGHldmOnfiyTpdhoKGlEhyMvVPNwgHRFYmFJYhSNGTYZ4eyfJFA==",
      "requires": {
        "@ungap/essential-map": "^0.2.0"
      }
    },
    "domsanitizer": {
      "version": "0.2.2",
      "resolved": "https://registry.npmjs.org/domsanitizer/-/domsanitizer-0.2.2.tgz",
      "integrity": "sha512-2nqCaLWi+tpT7oOa862BVrG7bHzYlWFZ5ltmvt4LXECxe5FnwF/zKGs/gWanZWGmv1pwdUTkO9TamoZMqI0Pmg==",
      "requires": {
        "domconstants": "^0.1.1"
      }
    },
    "domtagger": {
      "version": "0.5.10",
      "resolved": "https://registry.npmjs.org/domtagger/-/domtagger-0.5.10.tgz",
      "integrity": "sha512-vxPtj98UgAoRNqJH2tYGej0hg+FtjhfUJ8KLDBo7NfNWAvTOIeaq8GEJvyAukWWC+I+nd07WV8N4+QYRX8CXAg==",
      "requires": {
        "@ungap/create-content": "^0.1.4",
        "@ungap/essential-map": "^0.2.0",
        "@ungap/import-node": "^0.1.0",
        "@ungap/trim": "^0.1.1",
        "@ungap/weakmap": "^0.1.4",
        "domconstants": "^0.1.1",
        "domsanitizer": "^0.2.2"
      }
    },
    "hyperhtml-style": {
      "version": "0.1.2",
      "resolved": "https://registry.npmjs.org/hyperhtml-style/-/hyperhtml-style-0.1.2.tgz",
      "integrity": "sha512-ZDRYNClEaqUS0a8RAED0nQRqWmZk7ctdyij3Iw/PqUUef6xhYO87nx9vJNuxg7Yc6J2FdJjXRKbB0iud2ZyzwQ=="
    },
    "hyperhtml-wire": {
      "version": "2.1.0",
      "resolved": "https://registry.npmjs.org/hyperhtml-wire/-/hyperhtml-wire-2.1.0.tgz",
      "integrity": "sha512-LqFs/MgvxyMVM8O3Fx7QcCDWWkga3JeMA7C1inHM71PIchupSyj2u/zG8Blw+KfJHIFmEsx09KxOrgykGqoopQ=="
    },
    "lighterhtml": {
      "version": "2.0.2",
      "resolved": "https://registry.npmjs.org/lighterhtml/-/lighterhtml-2.0.2.tgz",
      "integrity": "sha512-WTQQcOb+KxgjV/N7QFjenoFupVoJ/7owqOQBHileeW4xVCFkzQYNl65UMPzMVZb8TaVbvhzO11MvWW537ocQDQ==",
      "requires": {
        "@ungap/create-content": "^0.1.4",
        "@ungap/template-tag-arguments": "^0.3.1",
        "@ungap/weakmap": "^0.1.4",
        "domdiff": "^2.1.1",
        "domsanitizer": "^0.2.2",
        "domtagger": "^0.5.10",
        "hyperhtml-style": "^0.1.2",
        "hyperhtml-wire": "^2.1.0"
      }
    },
    "lodash": {
      "version": "4.17.21",
      "resolved": "https://registry.npmjs.org/lodash/-/lodash-4.17.21.tgz",
      "integrity": "sha512-v2kDEe57lecTulaDIuNTPy3Ry4gLGJ6Z1O3vE1krgXZNrsQ+LFTGHVxVjcXPs17LhbZVGedAJv8XZ1tvj5FvSg=="
    },
    "requirejs": {
      "version": "2.3.6",
      "resolved": "https://registry.npmjs.org/requirejs/-/requirejs-2.3.6.tgz",
      "integrity": "sha512-ipEzlWQe6RK3jkzikgCupiTbTvm4S0/CAU5GlgptkN5SO6F3u0UD0K18wy6ErDqiCyP4J4YYe1HuAShvsxePLg=="
    }
  }
}
